// !$*UTF8*$!
{
	archiveVersion = 1;
	classes = {
	};
	objectVersion = 46;
	objects = {

/* Begin PBXBuildFile section */
		9F4A5720167CE7D4002137EC /* UIKit.framework in Frameworks */ = {isa = PBXBuildFile; fileRef = 9F4A571F167CE7D4002137EC /* UIKit.framework */; };
		9F4A5722167CE7D4002137EC /* Foundation.framework in Frameworks */ = {isa = PBXBuildFile; fileRef = 9F4A5721167CE7D4002137EC /* Foundation.framework */; };
		9F4A5724167CE7D4002137EC /* CoreGraphics.framework in Frameworks */ = {isa = PBXBuildFile; fileRef = 9F4A5723167CE7D4002137EC /* CoreGraphics.framework */; };
		9F4A572A167CE7D4002137EC /* InfoPlist.strings in Resources */ = {isa = PBXBuildFile; fileRef = 9F4A5728167CE7D4002137EC /* InfoPlist.strings */; };
		9F4A572C167CE7D4002137EC /* main.m in Sources */ = {isa = PBXBuildFile; fileRef = 9F4A572B167CE7D4002137EC /* main.m */; };
		9F4A5730167CE7D4002137EC /* BottleAppDelegate.m in Sources */ = {isa = PBXBuildFile; fileRef = 9F4A572F167CE7D4002137EC /* BottleAppDelegate.m */; };
		9F4A5732167CE7D4002137EC /* Default.png in Resources */ = {isa = PBXBuildFile; fileRef = 9F4A5731167CE7D4002137EC /* Default.png */; };
		9F4A5734167CE7D4002137EC /* Default@2x.png in Resources */ = {isa = PBXBuildFile; fileRef = 9F4A5733167CE7D4002137EC /* Default@2x.png */; };
		9F4A5736167CE7D4002137EC /* Default-568h@2x.png in Resources */ = {isa = PBXBuildFile; fileRef = 9F4A5735167CE7D4002137EC /* Default-568h@2x.png */; };
		9F4A5739167CE7D4002137EC /* MainStoryboard.storyboard in Resources */ = {isa = PBXBuildFile; fileRef = 9F4A5737167CE7D4002137EC /* MainStoryboard.storyboard */; };
		9F4A573C167CE7D4002137EC /* BottleViewController.m in Sources */ = {isa = PBXBuildFile; fileRef = 9F4A573B167CE7D4002137EC /* BottleViewController.m */; };
/* End PBXBuildFile section */

/* Begin PBXFileReference section */
		9F4A571B167CE7D4002137EC /* BottleApp.app */ = {isa = PBXFileReference; explicitFileType = wrapper.application; includeInIndex = 0; path = BottleApp.app; sourceTree = BUILT_PRODUCTS_DIR; };
		9F4A571F167CE7D4002137EC /* UIKit.framework */ = {isa = PBXFileReference; lastKnownFileType = wrapper.framework; name = UIKit.framework; path = System/Library/Frameworks/UIKit.framework; sourceTree = SDKROOT; };
		9F4A5721167CE7D4002137EC /* Foundation.framework */ = {isa = PBXFileReference; lastKnownFileType = wrapper.framework; name = Foundation.framework; path = System/Library/Frameworks/Foundation.framework; sourceTree = SDKROOT; };
		9F4A5723167CE7D4002137EC /* CoreGraphics.framework */ = {isa = PBXFileReference; lastKnownFileType = wrapper.framework; name = CoreGraphics.framework; path = System/Library/Frameworks/CoreGraphics.framework; sourceTree = SDKROOT; };
		9F4A5727167CE7D4002137EC /* BottleApp-Info.plist */ = {isa = PBXFileReference; lastKnownFileType = text.plist.xml; path = "BottleApp-Info.plist"; sourceTree = "<group>"; };
		9F4A5729167CE7D4002137EC /* en */ = {isa = PBXFileReference; lastKnownFileType = text.plist.strings; name = en; path = en.lproj/InfoPlist.strings; sourceTree = "<group>"; };
		9F4A572B167CE7D4002137EC /* main.m */ = {isa = PBXFileReference; lastKnownFileType = sourcecode.c.objc; path = main.m; sourceTree = "<group>"; };
		9F4A572D167CE7D4002137EC /* BottleApp-Prefix.pch */ = {isa = PBXFileReference; lastKnownFileType = sourcecode.c.h; path = "BottleApp-Prefix.pch"; sourceTree = "<group>"; };
		9F4A572E167CE7D4002137EC /* BottleAppDelegate.h */ = {isa = PBXFileReference; lastKnownFileType = sourcecode.c.h; path = BottleAppDelegate.h; sourceTree = "<group>"; };
		9F4A572F167CE7D4002137EC /* BottleAppDelegate.m */ = {isa = PBXFileReference; lastKnownFileType = sourcecode.c.objc; path = BottleAppDelegate.m; sourceTree = "<group>"; };
		9F4A5731167CE7D4002137EC /* Default.png */ = {isa = PBXFileReference; lastKnownFileType = image.png; path = Default.png; sourceTree = "<group>"; };
		9F4A5733167CE7D4002137EC /* Default@2x.png */ = {isa = PBXFileReference; lastKnownFileType = image.png; path = "Default@2x.png"; sourceTree = "<group>"; };
		9F4A5735167CE7D4002137EC /* Default-568h@2x.png */ = {isa = PBXFileReference; lastKnownFileType = image.png; path = "Default-568h@2x.png"; sourceTree = "<group>"; };
		9F4A5738167CE7D4002137EC /* en */ = {isa = PBXFileReference; lastKnownFileType = file.storyboard; name = en; path = en.lproj/MainStoryboard.storyboard; sourceTree = "<group>"; };
		9F4A573A167CE7D4002137EC /* BottleViewController.h */ = {isa = PBXFileReference; lastKnownFileType = sourcecode.c.h; path = BottleViewController.h; sourceTree = "<group>"; };
		9F4A573B167CE7D4002137EC /* BottleViewController.m */ = {isa = PBXFileReference; lastKnownFileType = sourcecode.c.objc; path = BottleViewController.m; sourceTree = "<group>"; };
/* End PBXFileReference section */

/* Begin PBXFrameworksBuildPhase section */
		9F4A5718167CE7D4002137EC /* Frameworks */ = {
			isa = PBXFrameworksBuildPhase;
			buildActionMask = 2147483647;
			files = (
				9F4A5720167CE7D4002137EC /* UIKit.framework in Frameworks */,
				9F4A5722167CE7D4002137EC /* Foundation.framework in Frameworks */,
				9F4A5724167CE7D4002137EC /* CoreGraphics.framework in Frameworks */,
			);
			runOnlyForDeploymentPostprocessing = 0;
		};
/* End PBXFrameworksBuildPhase section */

/* Begin PBXGroup section */
		9F4A5710167CE7D4002137EC = {
			isa = PBXGroup;
			children = (
				9F4A5725167CE7D4002137EC /* BottleApp */,
				9F4A571E167CE7D4002137EC /* Frameworks */,
				9F4A571C167CE7D4002137EC /* Products */,
			);
			sourceTree = "<group>";
		};
		9F4A571C167CE7D4002137EC /* Products */ = {
			isa = PBXGroup;
			children = (
				9F4A571B167CE7D4002137EC /* BottleApp.app */,
			);
			name = Products;
			sourceTree = "<group>";
		};
		9F4A571E167CE7D4002137EC /* Frameworks */ = {
			isa = PBXGroup;
			children = (
				9F4A571F167CE7D4002137EC /* UIKit.framework */,
				9F4A5721167CE7D4002137EC /* Foundation.framework */,
				9F4A5723167CE7D4002137EC /* CoreGraphics.framework */,
			);
			name = Frameworks;
			sourceTree = "<group>";
		};
		9F4A5725167CE7D4002137EC /* BottleApp */ = {
			isa = PBXGroup;
			children = (
				9F4A572E167CE7D4002137EC /* BottleAppDelegate.h */,
				9F4A572F167CE7D4002137EC /* BottleAppDelegate.m */,
				9F4A5737167CE7D4002137EC /* MainStoryboard.storyboard */,
				9F4A573A167CE7D4002137EC /* BottleViewController.h */,
				9F4A573B167CE7D4002137EC /* BottleViewController.m */,
				9F4A5726167CE7D4002137EC /* Supporting Files */,
			);
			path = BottleApp;
			sourceTree = "<group>";
		};
		9F4A5726167CE7D4002137EC /* Supporting Files */ = {
			isa = PBXGroup;
			children = (
				9F4A5727167CE7D4002137EC /* BottleApp-Info.plist */,
				9F4A5728167CE7D4002137EC /* InfoPlist.strings */,
				9F4A572B167CE7D4002137EC /* main.m */,
				9F4A572D167CE7D4002137EC /* BottleApp-Prefix.pch */,
				9F4A5731167CE7D4002137EC /* Default.png */,
				9F4A5733167CE7D4002137EC /* Default@2x.png */,
				9F4A5735167CE7D4002137EC /* Default-568h@2x.png */,
			);
			name = "Supporting Files";
			sourceTree = "<group>";
		};
/* End PBXGroup section */

/* Begin PBXNativeTarget section */
		9F4A571A167CE7D4002137EC /* BottleApp */ = {
			isa = PBXNativeTarget;
			buildConfigurationList = 9F4A573F167CE7D4002137EC /* Build configuration list for PBXNativeTarget "BottleApp" */;
			buildPhases = (
				9F4A5717167CE7D4002137EC /* Sources */,
				9F4A5718167CE7D4002137EC /* Frameworks */,
				9F4A5719167CE7D4002137EC /* Resources */,
			);
			buildRules = (
			);
			dependencies = (
			);
			name = BottleApp;
			productName = BottleApp;
			productReference = 9F4A571B167CE7D4002137EC /* BottleApp.app */;
			productType = "com.apple.product-type.application";
		};
/* End PBXNativeTarget section */

/* Begin PBXProject section */
		9F4A5712167CE7D4002137EC /* Project object */ = {
			isa = PBXProject;
			attributes = {
				CLASSPREFIX = Bottle;
				LastUpgradeCheck = 0450;
				ORGANIZATIONNAME = "Dallas Hayes";
			};
			buildConfigurationList = 9F4A5715167CE7D4002137EC /* Build configuration list for PBXProject "BottleApp" */;
			compatibilityVersion = "Xcode 3.2";
			developmentRegion = English;
			hasScannedForEncodings = 0;
			knownRegions = (
				en,
			);
			mainGroup = 9F4A5710167CE7D4002137EC;
			productRefGroup = 9F4A571C167CE7D4002137EC /* Products */;
			projectDirPath = "";
			projectRoot = "";
			targets = (
				9F4A571A167CE7D4002137EC /* BottleApp */,
			);
		};
/* End PBXProject section */

/* Begin PBXResourcesBuildPhase section */
		9F4A5719167CE7D4002137EC /* Resources */ = {
			isa = PBXResourcesBuildPhase;
			buildActionMask = 2147483647;
			files = (
				9F4A572A167CE7D4002137EC /* InfoPlist.strings in Resources */,
				9F4A5732167CE7D4002137EC /* Default.png in Resources */,
				9F4A5734167CE7D4002137EC /* Default@2x.png in Resources */,
				9F4A5736167CE7D4002137EC /* Default-568h@2x.png in Resources */,
				9F4A5739167CE7D4002137EC /* MainStoryboard.storyboard in Resources */,
			);
			runOnlyForDeploymentPostprocessing = 0;
		};
/* End PBXResourcesBuildPhase section */

/* Begin PBXSourcesBuildPhase section */
		9F4A5717167CE7D4002137EC /* Sources */ = {
			isa = PBXSourcesBuildPhase;
			buildActionMask = 2147483647;
			files = (
				9F4A572C167CE7D4002137EC /* main.m in Sources */,
				9F4A5730167CE7D4002137EC /* BottleAppDelegate.m in Sources */,
				9F4A573C167CE7D4002137EC /* BottleViewController.m in Sources */,
			);
			runOnlyForDeploymentPostprocessing = 0;
		};
/* End PBXSourcesBuildPhase section */

/* Begin PBXVariantGroup section */
		9F4A5728167CE7D4002137EC /* InfoPlist.strings */ = {
			isa = PBXVariantGroup;
			children = (
				9F4A5729167CE7D4002137EC /* en */,
			);
			name = InfoPlist.strings;
			sourceTree = "<group>";
		};
		9F4A5737167CE7D4002137EC /* MainStoryboard.storyboard */ = {
			isa = PBXVariantGroup;
			children = (
				9F4A5738167CE7D4002137EC /* en */,
			);
			name = MainStoryboard.storyboard;
			sourceTree = "<group>";
		};
/* End PBXVariantGroup section */

/* Begin XCBuildConfiguration section */
		9F4A573D167CE7D4002137EC /* Debug */ = {
			isa = XCBuildConfiguration;
			buildSettings = {
				ALWAYS_SEARCH_USER_PATHS = NO;
				CLANG_CXX_LANGUAGE_STANDARD = "gnu++0x";
				CLANG_CXX_LIBRARY = "libc++";
				CLANG_ENABLE_OBJC_ARC = YES;
				CLANG_WARN_EMPTY_BODY = YES;
				CLANG_WARN__DUPLICATE_METHOD_MATCH = YES;
				"CODE_SIGN_IDENTITY[sdk=iphoneos*]" = "iPhone Developer";
				COPY_PHASE_STRIP = NO;
				GCC_C_LANGUAGE_STANDARD = gnu99;
				GCC_DYNAMIC_NO_PIC = NO;
				GCC_OPTIMIZATION_LEVEL = 0;
				GCC_PREPROCESSOR_DEFINITIONS = (
					"DEBUG=1",
					"$(inherited)",
				);
				GCC_SYMBOLS_PRIVATE_EXTERN = NO;
				GCC_WARN_ABOUT_RETURN_TYPE = YES;
				GCC_WARN_UNINITIALIZED_AUTOS = YES;
				GCC_WARN_UNUSED_VARIABLE = YES;
				IPHONEOS_DEPLOYMENT_TARGET = 6.0;
				ONLY_ACTIVE_ARCH = YES;
				SDKROOT = iphoneos;
			};
			name = Debug;
		};
		9F4A573E167CE7D4002137EC /* Release */ = {
			isa = XCBuildConfiguration;
			buildSettings = {
				ALWAYS_SEARCH_USER_PATHS = NO;
				CLANG_CXX_LANGUAGE_STANDARD = "gnu++0x";
				CLANG_CXX_LIBRARY = "libc++";
				CLANG_ENABLE_OBJC_ARC = YES;
				CLANG_WARN_EMPTY_BODY = YES;
				CLANG_WARN__DUPLICATE_METHOD_MATCH = YES;
				"CODE_SIGN_IDENTITY[sdk=iphoneos*]" = "iPhone Developer";
				COPY_PHASE_STRIP = YES;
				GCC_C_LANGUAGE_STANDARD = gnu99;
				GCC_WARN_ABOUT_RETURN_TYPE = YES;
				GCC_WARN_UNINITIALIZED_AUTOS = YES;
				GCC_WARN_UNUSED_VARIABLE = YES;
				IPHONEOS_DEPLOYMENT_TARGET = 6.0;
				OTHER_CFLAGS = "-DNS_BLOCK_ASSERTIONS=1";
				SDKROOT = iphoneos;
				VALIDATE_PRODUCT = YES;
			};
			name = Release;
		};
		9F4A5740167CE7D4002137EC /* Debug */ = {
			isa = XCBuildConfiguration;
			buildSettings = {
				GCC_PRECOMPILE_PREFIX_HEADER = YES;
				GCC_PREFIX_HEADER = "BottleApp/BottleApp-Prefix.pch";
				INFOPLIST_FILE = "BottleApp/BottleApp-Info.plist";
				PRODUCT_NAME = "$(TARGET_NAME)";
				WRAPPER_EXTENSION = app;
			};
			name = Debug;
		};
		9F4A5741167CE7D4002137EC /* Release */ = {
			isa = XCBuildConfiguration;
			buildSettings = {
				GCC_PRECOMPILE_PREFIX_HEADER = YES;
				GCC_PREFIX_HEADER = "BottleApp/BottleApp-Prefix.pch";
				INFOPLIST_FILE = "BottleApp/BottleApp-Info.plist";
				PRODUCT_NAME = "$(TARGET_NAME)";
				WRAPPER_EXTENSION = app;
			};
			name = Release;
		};
/* End XCBuildConfiguration section */

/* Begin XCConfigurationList section */
		9F4A5715167CE7D4002137EC /* Build configuration list for PBXProject "BottleApp" */ = {
			isa = XCConfigurationList;
			buildConfigurations = (
				9F4A573D167CE7D4002137EC /* Debug */,
				9F4A573E167CE7D4002137EC /* Release */,
			);
			defaultConfigurationIsVisible = 0;
			defaultConfigurationName = Release;
		};
		9F4A573F167CE7D4002137EC /* Build configuration list for PBXNativeTarget "BottleApp" */ = {
			isa = XCConfigurationList;
			buildConfigurations = (
				9F4A5740167CE7D4002137EC /* Debug */,
				9F4A5741167CE7D4002137EC /* Release */,
			);
			defaultConfigurationIsVisible = 0;
		};
/* End XCConfigurationList section */
	};
	rootObject = 9F4A5712167CE7D4002137EC /* Project object */;
}
